{
    "_readme": [
        "This file locks the dependencies of your project to a known state",
        "Read more about it at https://getcomposer.org/doc/01-basic-usage.md#installing-dependencies",
        "This file is @generated automatically"
    ],
    "content-hash": "c03d837945d72a72fd06709616258889",
    "packages": [
        {
            "name": "ortic/color-converter",
            "version": "v0.1",
            "source": {
                "type": "git",
                "url": "https://github.com/ortic/color-converter.git",
                "reference": "6e8dba9665881177ebdc4ce4351656293a0012c1"
            },
            "dist": {
                "type": "zip",
                "url": "https://api.github.com/repos/ortic/color-converter/zipball/6e8dba9665881177ebdc4ce4351656293a0012c1",
                "reference": "6e8dba9665881177ebdc4ce4351656293a0012c1",
                "shasum": ""
            },
            "require": {
                "php": ">=7.0"
            },
            "require-dev": {
                "apigen/apigen": "2.8.0",
                "friendsofphp/php-cs-fixer": "^2.3",
                "nette/nette": "~2.1.3",
                "phpunit/phpunit": "~6.1",
                "satooshi/php-coveralls": "dev-master"
            },
            "type": "library",
            "autoload": {
                "psr-4": {
                    "Ortic\\ColorConverter\\": "src/"
                }
            },
            "notification-url": "https://packagist.org/downloads/",
            "license": [
                "proprietary"
            ],
            "authors": [
                {
                    "name": "Remo Laubacher",
                    "email": "remo.laubacher@ortic.com"
                }
            ],
            "description": "color converter",
            "time": "2017-05-09T10:50:25+00:00"
        }
    ],
    "packages-dev": [],
    "aliases": [],
    "minimum-stability": "stable",
    "stability-flags": [],
    "prefer-stable": false,
    "prefer-lowest": false,
    "platform": [],
    "platform-dev": [],
    "plugin-api-version": "1.1.0"
}
